
Microsoft Visual Studio Solution File, Format Version 12.00
# Visual Studio Version 17
VisualStudioVersion = 17.9.34723.18
MinimumVisualStudioVersion = 10.0.40219.1
Project("{FAE04EC0-301F-11D3-BF4B-00C04F79EFBC}") = "EPuna", "EPuna\EPuna.csproj", "{45A6C4AB-851C-4134-A69D-49F642C7EA5E}"
EndProject
Project("{FAE04EC0-301F-11D3-BF4B-00C04F79EFBC}") = "EPuna.DAL", "EPuna.DAL\EPuna.DAL.csproj", "{D27D49C5-3B6A-49A9-B534-57F61427A65C}"
EndProject
Project("{FAE04EC0-301F-11D3-BF4B-00C04F79EFBC}") = "EPuna.BLL", "EPuna.BLL\EPuna.BLL.csproj", "{45E48081-BEA0-4C81-80E6-BEE03A641268}"
EndProject
Global
	GlobalSection(SolutionConfigurationPlatforms) = preSolution
		Debug|Any CPU = Debug|Any CPU
		Release|Any CPU = Release|Any CPU
	EndGlobalSection
	GlobalSection(ProjectConfigurationPlatforms) = postSolution
		{45A6C4AB-851C-4134-A69D-49F642C7EA5E}.Debug|Any CPU.ActiveCfg = Debug|Any CPU
		{45A6C4AB-851C-4134-A69D-49F642C7EA5E}.Debug|Any CPU.Build.0 = Debug|Any CPU
		{45A6C4AB-851C-4134-A69D-49F642C7EA5E}.Release|Any CPU.ActiveCfg = Release|Any CPU
		{45A6C4AB-851C-4134-A69D-49F642C7EA5E}.Release|Any CPU.Build.0 = Release|Any CPU
		{D27D49C5-3B6A-49A9-B534-57F61427A65C}.Debug|Any CPU.ActiveCfg = Debug|Any CPU
		{D27D49C5-3B6A-49A9-B534-57F61427A65C}.Debug|Any CPU.Build.0 = Debug|Any CPU
		{D27D49C5-3B6A-49A9-B534-57F61427A65C}.Release|Any CPU.ActiveCfg = Release|Any CPU
		{D27D49C5-3B6A-49A9-B534-57F61427A65C}.Release|Any CPU.Build.0 = Release|Any CPU
		{45E48081-BEA0-4C81-80E6-BEE03A641268}.Debug|Any CPU.ActiveCfg = Debug|Any CPU
		{45E48081-BEA0-4C81-80E6-BEE03A641268}.Debug|Any CPU.Build.0 = Debug|Any CPU
		{45E48081-BEA0-4C81-80E6-BEE03A641268}.Release|Any CPU.ActiveCfg = Release|Any CPU
		{45E48081-BEA0-4C81-80E6-BEE03A641268}.Release|Any CPU.Build.0 = Release|Any CPU
	EndGlobalSection
	GlobalSection(SolutionProperties) = preSolution
		HideSolutionNode = FALSE
	EndGlobalSection
	GlobalSection(ExtensibilityGlobals) = postSolution
		SolutionGuid = {8363FB97-3621-4866-A1CD-DE543F7D72D8}
	EndGlobalSection
EndGlobal
